// !$*UTF8*$!
{
	archiveVersion = 1;
	classes = {
	};
	objectVersion = 46;
	objects = {

/* Begin PBXBuildFile section */
		743AE8451C55A8E6007F4B0D /* OutputLayer.swift in Sources */ = {isa = PBXBuildFile; fileRef = 743AE8441C55A8E6007F4B0D /* OutputLayer.swift */; };
		743AE8471C55AC37007F4B0D /* HiddenLayer.swift in Sources */ = {isa = PBXBuildFile; fileRef = 743AE8461C55AC37007F4B0D /* HiddenLayer.swift */; };
		744580FE1C56D39700906A34 /* Matrix.swift in Sources */ = {isa = PBXBuildFile; fileRef = 744580FD1C56D39700906A34 /* Matrix.swift */; };
		744581001C56DAA200906A34 /* Vector.swift in Sources */ = {isa = PBXBuildFile; fileRef = 744580FF1C56DAA200906A34 /* Vector.swift */; };
		74A101DD1C54A7B10030CADF /* main.swift in Sources */ = {isa = PBXBuildFile; fileRef = 74A101DC1C54A7B10030CADF /* main.swift */; };
		74A101EC1C54AA5D0030CADF /* NSArrayExtension.swift in Sources */ = {isa = PBXBuildFile; fileRef = 74A101EB1C54AA5D0030CADF /* NSArrayExtension.swift */; };
		74A101EE1C54AA600030CADF /* NSFileHandleExtension.swift in Sources */ = {isa = PBXBuildFile; fileRef = 74A101ED1C54AA600030CADF /* NSFileHandleExtension.swift */; };
		74A101F21C54AA8F0030CADF /* Letter.swift in Sources */ = {isa = PBXBuildFile; fileRef = 74A101F01C54AA8F0030CADF /* Letter.swift */; };
		74A101F61C54AB3F0030CADF /* SigmoidLayer.swift in Sources */ = {isa = PBXBuildFile; fileRef = 74A101F51C54AB3F0030CADF /* SigmoidLayer.swift */; };
		74C5265B1C59DD6A0090E50E /* NeuralNetwork.swift in Sources */ = {isa = PBXBuildFile; fileRef = 74C5265A1C59DD6A0090E50E /* NeuralNetwork.swift */; };
		74C5265D1C59DE8F0090E50E /* MLClient.swift in Sources */ = {isa = PBXBuildFile; fileRef = 74C5265C1C59DE8F0090E50E /* MLClient.swift */; };
		74C5265F1C5EBEE60090E50E /* AccuracyHistory.swift in Sources */ = {isa = PBXBuildFile; fileRef = 74C5265E1C5EBEE60090E50E /* AccuracyHistory.swift */; };
/* End PBXBuildFile section */

/* Begin PBXCopyFilesBuildPhase section */
		74A101D71C54A7B10030CADF /* CopyFiles */ = {
			isa = PBXCopyFilesBuildPhase;
			buildActionMask = 2147483647;
			dstPath = /usr/share/man/man1/;
			dstSubfolderSpec = 0;
			files = (
			);
			runOnlyForDeploymentPostprocessing = 1;
		};
/* End PBXCopyFilesBuildPhase section */

/* Begin PBXFileReference section */
		743AE8441C55A8E6007F4B0D /* OutputLayer.swift */ = {isa = PBXFileReference; fileEncoding = 4; lastKnownFileType = sourcecode.swift; name = OutputLayer.swift; path = Model/OutputLayer.swift; sourceTree = "<group>"; };
		743AE8461C55AC37007F4B0D /* HiddenLayer.swift */ = {isa = PBXFileReference; fileEncoding = 4; lastKnownFileType = sourcecode.swift; name = HiddenLayer.swift; path = Model/HiddenLayer.swift; sourceTree = "<group>"; };
		744580FD1C56D39700906A34 /* Matrix.swift */ = {isa = PBXFileReference; fileEncoding = 4; lastKnownFileType = sourcecode.swift; name = Matrix.swift; path = Helpers/Matrix.swift; sourceTree = "<group>"; };
		744580FF1C56DAA200906A34 /* Vector.swift */ = {isa = PBXFileReference; fileEncoding = 4; lastKnownFileType = sourcecode.swift; name = Vector.swift; path = Helpers/Vector.swift; sourceTree = "<group>"; };
		74A101D91C54A7B10030CADF /* ml_chars */ = {isa = PBXFileReference; explicitFileType = "compiled.mach-o.executable"; includeInIndex = 0; path = ml_chars; sourceTree = BUILT_PRODUCTS_DIR; };
		74A101DC1C54A7B10030CADF /* main.swift */ = {isa = PBXFileReference; lastKnownFileType = sourcecode.swift; path = main.swift; sourceTree = "<group>"; };
		74A101EB1C54AA5D0030CADF /* NSArrayExtension.swift */ = {isa = PBXFileReference; fileEncoding = 4; lastKnownFileType = sourcecode.swift; name = NSArrayExtension.swift; path = Extensions/NSArrayExtension.swift; sourceTree = "<group>"; };
		74A101ED1C54AA600030CADF /* NSFileHandleExtension.swift */ = {isa = PBXFileReference; fileEncoding = 4; lastKnownFileType = sourcecode.swift; name = NSFileHandleExtension.swift; path = Extensions/NSFileHandleExtension.swift; sourceTree = "<group>"; };
		74A101F01C54AA8F0030CADF /* Letter.swift */ = {isa = PBXFileReference; fileEncoding = 4; lastKnownFileType = sourcecode.swift; name = Letter.swift; path = Model/Letter.swift; sourceTree = "<group>"; };
		74A101F51C54AB3F0030CADF /* SigmoidLayer.swift */ = {isa = PBXFileReference; fileEncoding = 4; lastKnownFileType = sourcecode.swift; name = SigmoidLayer.swift; path = Model/SigmoidLayer.swift; sourceTree = "<group>"; };
		74C5265A1C59DD6A0090E50E /* NeuralNetwork.swift */ = {isa = PBXFileReference; fileEncoding = 4; lastKnownFileType = sourcecode.swift; name = NeuralNetwork.swift; path = Model/NeuralNetwork.swift; sourceTree = "<group>"; };
		74C5265C1C59DE8F0090E50E /* MLClient.swift */ = {isa = PBXFileReference; fileEncoding = 4; lastKnownFileType = sourcecode.swift; path = MLClient.swift; sourceTree = "<group>"; };
		74C5265E1C5EBEE60090E50E /* AccuracyHistory.swift */ = {isa = PBXFileReference; fileEncoding = 4; lastKnownFileType = sourcecode.swift; name = AccuracyHistory.swift; path = Model/AccuracyHistory.swift; sourceTree = "<group>"; };
/* End PBXFileReference section */

/* Begin PBXFrameworksBuildPhase section */
		74A101D61C54A7B10030CADF /* Frameworks */ = {
			isa = PBXFrameworksBuildPhase;
			buildActionMask = 2147483647;
			files = (
			);
			runOnlyForDeploymentPostprocessing = 0;
		};
/* End PBXFrameworksBuildPhase section */

/* Begin PBXGroup section */
		744580FC1C56D2AB00906A34 /* Helpers */ = {
			isa = PBXGroup;
			children = (
				744580FD1C56D39700906A34 /* Matrix.swift */,
				744580FF1C56DAA200906A34 /* Vector.swift */,
			);
			name = Helpers;
			sourceTree = "<group>";
		};
		74A101D01C54A7B10030CADF = {
			isa = PBXGroup;
			children = (
				74A101DB1C54A7B10030CADF /* ml_chars */,
				74A101DA1C54A7B10030CADF /* Products */,
			);
			sourceTree = "<group>";
		};
		74A101DA1C54A7B10030CADF /* Products */ = {
			isa = PBXGroup;
			children = (
				74A101D91C54A7B10030CADF /* ml_chars */,
			);
			name = Products;
			sourceTree = "<group>";
		};
		74A101DB1C54A7B10030CADF /* ml_chars */ = {
			isa = PBXGroup;
			children = (
				744580FC1C56D2AB00906A34 /* Helpers */,
				74A101EA1C54AA540030CADF /* Extensions */,
				74A101E51C54AA230030CADF /* Model */,
				74A101DC1C54A7B10030CADF /* main.swift */,
				74C5265C1C59DE8F0090E50E /* MLClient.swift */,
			);
			path = ml_chars;
			sourceTree = "<group>";
		};
		74A101E51C54AA230030CADF /* Model */ = {
			isa = PBXGroup;
			children = (
				74C5265A1C59DD6A0090E50E /* NeuralNetwork.swift */,
				74A101F51C54AB3F0030CADF /* SigmoidLayer.swift */,
				74A101F01C54AA8F0030CADF /* Letter.swift */,
				743AE8441C55A8E6007F4B0D /* OutputLayer.swift */,
				743AE8461C55AC37007F4B0D /* HiddenLayer.swift */,
				74C5265E1C5EBEE60090E50E /* AccuracyHistory.swift */,
			);
			name = Model;
			sourceTree = "<group>";
		};
		74A101EA1C54AA540030CADF /* Extensions */ = {
			isa = PBXGroup;
			children = (
				74A101ED1C54AA600030CADF /* NSFileHandleExtension.swift */,
				74A101EB1C54AA5D0030CADF /* NSArrayExtension.swift */,
			);
			name = Extensions;
			sourceTree = "<group>";
		};
/* End PBXGroup section */

/* Begin PBXNativeTarget section */
		74A101D81C54A7B10030CADF /* ml_chars */ = {
			isa = PBXNativeTarget;
			buildConfigurationList = 74A101E01C54A7B10030CADF /* Build configuration list for PBXNativeTarget "ml_chars" */;
			buildPhases = (
				74A101D51C54A7B10030CADF /* Sources */,
				74A101D61C54A7B10030CADF /* Frameworks */,
				74A101D71C54A7B10030CADF /* CopyFiles */,
			);
			buildRules = (
			);
			dependencies = (
			);
			name = ml_chars;
			productName = ml_chars;
			productReference = 74A101D91C54A7B10030CADF /* ml_chars */;
			productType = "com.apple.product-type.tool";
		};
/* End PBXNativeTarget section */

/* Begin PBXProject section */
		74A101D11C54A7B10030CADF /* Project object */ = {
			isa = PBXProject;
			attributes = {
				LastSwiftUpdateCheck = 0710;
				LastUpgradeCheck = 0710;
				ORGANIZATIONNAME = "Ryan Bernstein";
				TargetAttributes = {
					74A101D81C54A7B10030CADF = {
						CreatedOnToolsVersion = 7.1;
					};
				};
			};
			buildConfigurationList = 74A101D41C54A7B10030CADF /* Build configuration list for PBXProject "ml_chars" */;
			compatibilityVersion = "Xcode 3.2";
			developmentRegion = English;
			hasScannedForEncodings = 0;
			knownRegions = (
				en,
			);
			mainGroup = 74A101D01C54A7B10030CADF;
			productRefGroup = 74A101DA1C54A7B10030CADF /* Products */;
			projectDirPath = "";
			projectRoot = "";
			targets = (
				74A101D81C54A7B10030CADF /* ml_chars */,
			);
		};
/* End PBXProject section */

/* Begin PBXSourcesBuildPhase section */
		74A101D51C54A7B10030CADF /* Sources */ = {
			isa = PBXSourcesBuildPhase;
			buildActionMask = 2147483647;
			files = (
				74A101EE1C54AA600030CADF /* NSFileHandleExtension.swift in Sources */,
				74C5265D1C59DE8F0090E50E /* MLClient.swift in Sources */,
				744581001C56DAA200906A34 /* Vector.swift in Sources */,
				744580FE1C56D39700906A34 /* Matrix.swift in Sources */,
				74A101F61C54AB3F0030CADF /* SigmoidLayer.swift in Sources */,
				74A101F21C54AA8F0030CADF /* Letter.swift in Sources */,
				743AE8451C55A8E6007F4B0D /* OutputLayer.swift in Sources */,
				74C5265F1C5EBEE60090E50E /* AccuracyHistory.swift in Sources */,
				743AE8471C55AC37007F4B0D /* HiddenLayer.swift in Sources */,
				74C5265B1C59DD6A0090E50E /* NeuralNetwork.swift in Sources */,
				74A101EC1C54AA5D0030CADF /* NSArrayExtension.swift in Sources */,
				74A101DD1C54A7B10030CADF /* main.swift in Sources */,
			);
			runOnlyForDeploymentPostprocessing = 0;
		};
/* End PBXSourcesBuildPhase section */

/* Begin XCBuildConfiguration section */
		74A101DE1C54A7B10030CADF /* Debug */ = {
			isa = XCBuildConfiguration;
			buildSettings = {
				ALWAYS_SEARCH_USER_PATHS = NO;
				CLANG_CXX_LANGUAGE_STANDARD = "gnu++0x";
				CLANG_CXX_LIBRARY = "libc++";
				CLANG_ENABLE_MODULES = YES;
				CLANG_ENABLE_OBJC_ARC = YES;
				CLANG_WARN_BOOL_CONVERSION = YES;
				CLANG_WARN_CONSTANT_CONVERSION = YES;
				CLANG_WARN_DIRECT_OBJC_ISA_USAGE = YES_ERROR;
				CLANG_WARN_EMPTY_BODY = YES;
				CLANG_WARN_ENUM_CONVERSION = YES;
				CLANG_WARN_INT_CONVERSION = YES;
				CLANG_WARN_OBJC_ROOT_CLASS = YES_ERROR;
				CLANG_WARN_UNREACHABLE_CODE = YES;
				CLANG_WARN__DUPLICATE_METHOD_MATCH = YES;
				CODE_SIGN_IDENTITY = "-";
				COPY_PHASE_STRIP = NO;
				DEBUG_INFORMATION_FORMAT = dwarf;
				ENABLE_STRICT_OBJC_MSGSEND = YES;
				ENABLE_TESTABILITY = YES;
				GCC_C_LANGUAGE_STANDARD = gnu99;
				GCC_DYNAMIC_NO_PIC = NO;
				GCC_NO_COMMON_BLOCKS = YES;
				GCC_OPTIMIZATION_LEVEL = 0;
				GCC_PREPROCESSOR_DEFINITIONS = (
					"DEBUG=1",
					"$(inherited)",
				);
				GCC_WARN_64_TO_32_BIT_CONVERSION = YES;
				GCC_WARN_ABOUT_RETURN_TYPE = YES_ERROR;
				GCC_WARN_UNDECLARED_SELECTOR = YES;
				GCC_WARN_UNINITIALIZED_AUTOS = YES_AGGRESSIVE;
				GCC_WARN_UNUSED_FUNCTION = YES;
				GCC_WARN_UNUSED_VARIABLE = YES;
				MACOSX_DEPLOYMENT_TARGET = 10.10;
				MTL_ENABLE_DEBUG_INFO = YES;
				ONLY_ACTIVE_ARCH = YES;
				SDKROOT = macosx;
				SWIFT_OPTIMIZATION_LEVEL = "-Onone";
			};
			name = Debug;
		};
		74A101DF1C54A7B10030CADF /* Release */ = {
			isa = XCBuildConfiguration;
			buildSettings = {
				ALWAYS_SEARCH_USER_PATHS = NO;
				CLANG_CXX_LANGUAGE_STANDARD = "gnu++0x";
				CLANG_CXX_LIBRARY = "libc++";
				CLANG_ENABLE_MODULES = YES;
				CLANG_ENABLE_OBJC_ARC = YES;
				CLANG_WARN_BOOL_CONVERSION = YES;
				CLANG_WARN_CONSTANT_CONVERSION = YES;
				CLANG_WARN_DIRECT_OBJC_ISA_USAGE = YES_ERROR;
				CLANG_WARN_EMPTY_BODY = YES;
				CLANG_WARN_ENUM_CONVERSION = YES;
				CLANG_WARN_INT_CONVERSION = YES;
				CLANG_WARN_OBJC_ROOT_CLASS = YES_ERROR;
				CLANG_WARN_UNREACHABLE_CODE = YES;
				CLANG_WARN__DUPLICATE_METHOD_MATCH = YES;
				CODE_SIGN_IDENTITY = "-";
				COPY_PHASE_STRIP = NO;
				DEBUG_INFORMATION_FORMAT = "dwarf-with-dsym";
				ENABLE_NS_ASSERTIONS = NO;
				ENABLE_STRICT_OBJC_MSGSEND = YES;
				GCC_C_LANGUAGE_STANDARD = gnu99;
				GCC_NO_COMMON_BLOCKS = YES;
				GCC_WARN_64_TO_32_BIT_CONVERSION = YES;
				GCC_WARN_ABOUT_RETURN_TYPE = YES_ERROR;
				GCC_WARN_UNDECLARED_SELECTOR = YES;
				GCC_WARN_UNINITIALIZED_AUTOS = YES_AGGRESSIVE;
				GCC_WARN_UNUSED_FUNCTION = YES;
				GCC_WARN_UNUSED_VARIABLE = YES;
				MACOSX_DEPLOYMENT_TARGET = 10.10;
				MTL_ENABLE_DEBUG_INFO = NO;
				SDKROOT = macosx;
			};
			name = Release;
		};
		74A101E11C54A7B10030CADF /* Debug */ = {
			isa = XCBuildConfiguration;
			buildSettings = {
				PRODUCT_NAME = "$(TARGET_NAME)";
			};
			name = Debug;
		};
		74A101E21C54A7B10030CADF /* Release */ = {
			isa = XCBuildConfiguration;
			buildSettings = {
				PRODUCT_NAME = "$(TARGET_NAME)";
			};
			name = Release;
		};
/* End XCBuildConfiguration section */

/* Begin XCConfigurationList section */
		74A101D41C54A7B10030CADF /* Build configuration list for PBXProject "ml_chars" */ = {
			isa = XCConfigurationList;
			buildConfigurations = (
				74A101DE1C54A7B10030CADF /* Debug */,
				74A101DF1C54A7B10030CADF /* Release */,
			);
			defaultConfigurationIsVisible = 0;
			defaultConfigurationName = Release;
		};
		74A101E01C54A7B10030CADF /* Build configuration list for PBXNativeTarget "ml_chars" */ = {
			isa = XCConfigurationList;
			buildConfigurations = (
				74A101E11C54A7B10030CADF /* Debug */,
				74A101E21C54A7B10030CADF /* Release */,
			);
			defaultConfigurationIsVisible = 0;
			defaultConfigurationName = Release;
		};
/* End XCConfigurationList section */
	};
	rootObject = 74A101D11C54A7B10030CADF /* Project object */;
}
